{
  "name": "@sheetaldharshan/exasol-json-mcp",
  "version": "0.1.3",
  "lockfileVersion": 3,
  "requires": true,
  "packages": {
    "": {
      "name": "@sheetaldharshan/exasol-json-mcp",
      "version": "0.1.3",
      "license": "UNLICENSED",
      "bin": {
        "exasol-json-mcp": "bin/exasol-json-mcp.js"
      },
      "engines": {
        "node": ">=20.0.0"
      }
    }
  }
}
